// !$*UTF8*$!
{
	archiveVersion = 1;
	classes = {
	};
	objectVersion = 56;
	objects = {

/* Begin PBXBuildFile section */
		5536C2432C1E123800576217 /* AppDelegate.swift in Sources */ = {isa = PBXBuildFile; fileRef = 5536C2422C1E123800576217 /* AppDelegate.swift */; };
		5536C2452C1E123800576217 /* SceneDelegate.swift in Sources */ = {isa = PBXBuildFile; fileRef = 5536C2442C1E123800576217 /* SceneDelegate.swift */; };
		5536C2472C1E123800576217 /* ViewController.swift in Sources */ = {isa = PBXBuildFile; fileRef = 5536C2462C1E123800576217 /* ViewController.swift */; };
		5536C24A2C1E123800576217 /* Main.storyboard in Resources */ = {isa = PBXBuildFile; fileRef = 5536C2482C1E123800576217 /* Main.storyboard */; };
		5536C24C2C1E123900576217 /* Assets.xcassets in Resources */ = {isa = PBXBuildFile; fileRef = 5536C24B2C1E123900576217 /* Assets.xcassets */; };
		5536C24F2C1E123900576217 /* LaunchScreen.storyboard in Resources */ = {isa = PBXBuildFile; fileRef = 5536C24D2C1E123900576217 /* LaunchScreen.storyboard */; };
		5536C2592C1E134E00576217 /* EndpointProtocol.swift in Sources */ = {isa = PBXBuildFile; fileRef = 5536C2582C1E134E00576217 /* EndpointProtocol.swift */; };
		5536C25B2C1E136D00576217 /* UserBaseEndpoint.swift in Sources */ = {isa = PBXBuildFile; fileRef = 5536C25A2C1E136D00576217 /* UserBaseEndpoint.swift */; };
		5536C25E2C1E13EE00576217 /* Settings.swift in Sources */ = {isa = PBXBuildFile; fileRef = 5536C25D2C1E13EE00576217 /* Settings.swift */; };
		5536C2612C1E14AB00576217 /* RequestHandlerProtocol.swift in Sources */ = {isa = PBXBuildFile; fileRef = 5536C2602C1E14AB00576217 /* RequestHandlerProtocol.swift */; };
		5536C2632C1E14CB00576217 /* RequestHandlerError.swift in Sources */ = {isa = PBXBuildFile; fileRef = 5536C2622C1E14CB00576217 /* RequestHandlerError.swift */; };
		5536C2652C1E14E500576217 /* RequestHandler.swift in Sources */ = {isa = PBXBuildFile; fileRef = 5536C2642C1E14E500576217 /* RequestHandler.swift */; };
		5536C2682C1E158300576217 /* Extensions.swift in Sources */ = {isa = PBXBuildFile; fileRef = 5536C2672C1E158300576217 /* Extensions.swift */; };
		5536C26B2C1E15D700576217 /* PokemonDTO.swift in Sources */ = {isa = PBXBuildFile; fileRef = 5536C26A2C1E15D700576217 /* PokemonDTO.swift */; };
		5536C26E2C1E162900576217 /* Pokemon.swift in Sources */ = {isa = PBXBuildFile; fileRef = 5536C26D2C1E162900576217 /* Pokemon.swift */; };
		5536C2712C1E16A000576217 /* PokemonsModel.swift in Sources */ = {isa = PBXBuildFile; fileRef = 5536C2702C1E16A000576217 /* PokemonsModel.swift */; };
		5536C2732C1E277E00576217 /* PokeTypeDTO.swift in Sources */ = {isa = PBXBuildFile; fileRef = 5536C2722C1E277E00576217 /* PokeTypeDTO.swift */; };
		5536C2752C1E27B700576217 /* PokeType.swift in Sources */ = {isa = PBXBuildFile; fileRef = 5536C2742C1E27B700576217 /* PokeType.swift */; };
		5536C2782C1E27E600576217 /* TypeModel.swift in Sources */ = {isa = PBXBuildFile; fileRef = 5536C2772C1E27E600576217 /* TypeModel.swift */; };
		5536C27A2C1E293900576217 /* TypesViewController.swift in Sources */ = {isa = PBXBuildFile; fileRef = 5536C2792C1E293900576217 /* TypesViewController.swift */; };
/* End PBXBuildFile section */

/* Begin PBXFileReference section */
		5536C23F2C1E123800576217 /* PokedexAPI.app */ = {isa = PBXFileReference; explicitFileType = wrapper.application; includeInIndex = 0; path = PokedexAPI.app; sourceTree = BUILT_PRODUCTS_DIR; };
		5536C2422C1E123800576217 /* AppDelegate.swift */ = {isa = PBXFileReference; lastKnownFileType = sourcecode.swift; path = AppDelegate.swift; sourceTree = "<group>"; };
		5536C2442C1E123800576217 /* SceneDelegate.swift */ = {isa = PBXFileReference; lastKnownFileType = sourcecode.swift; path = SceneDelegate.swift; sourceTree = "<group>"; };
		5536C2462C1E123800576217 /* ViewController.swift */ = {isa = PBXFileReference; lastKnownFileType = sourcecode.swift; path = ViewController.swift; sourceTree = "<group>"; };
		5536C2492C1E123800576217 /* Base */ = {isa = PBXFileReference; lastKnownFileType = file.storyboard; name = Base; path = Base.lproj/Main.storyboard; sourceTree = "<group>"; };
		5536C24B2C1E123900576217 /* Assets.xcassets */ = {isa = PBXFileReference; lastKnownFileType = folder.assetcatalog; path = Assets.xcassets; sourceTree = "<group>"; };
		5536C24E2C1E123900576217 /* Base */ = {isa = PBXFileReference; lastKnownFileType = file.storyboard; name = Base; path = Base.lproj/LaunchScreen.storyboard; sourceTree = "<group>"; };
		5536C2502C1E123900576217 /* Info.plist */ = {isa = PBXFileReference; lastKnownFileType = text.plist.xml; path = Info.plist; sourceTree = "<group>"; };
		5536C2582C1E134E00576217 /* EndpointProtocol.swift */ = {isa = PBXFileReference; lastKnownFileType = sourcecode.swift; path = EndpointProtocol.swift; sourceTree = "<group>"; };
		5536C25A2C1E136D00576217 /* UserBaseEndpoint.swift */ = {isa = PBXFileReference; lastKnownFileType = sourcecode.swift; path = UserBaseEndpoint.swift; sourceTree = "<group>"; };
		5536C25D2C1E13EE00576217 /* Settings.swift */ = {isa = PBXFileReference; lastKnownFileType = sourcecode.swift; path = Settings.swift; sourceTree = "<group>"; };
		5536C2602C1E14AB00576217 /* RequestHandlerProtocol.swift */ = {isa = PBXFileReference; lastKnownFileType = sourcecode.swift; path = RequestHandlerProtocol.swift; sourceTree = "<group>"; };
		5536C2622C1E14CB00576217 /* RequestHandlerError.swift */ = {isa = PBXFileReference; lastKnownFileType = sourcecode.swift; path = RequestHandlerError.swift; sourceTree = "<group>"; };
		5536C2642C1E14E500576217 /* RequestHandler.swift */ = {isa = PBXFileReference; lastKnownFileType = sourcecode.swift; path = RequestHandler.swift; sourceTree = "<group>"; };
		5536C2672C1E158300576217 /* Extensions.swift */ = {isa = PBXFileReference; lastKnownFileType = sourcecode.swift; path = Extensions.swift; sourceTree = "<group>"; };
		5536C26A2C1E15D700576217 /* PokemonDTO.swift */ = {isa = PBXFileReference; lastKnownFileType = sourcecode.swift; path = PokemonDTO.swift; sourceTree = "<group>"; };
		5536C26D2C1E162900576217 /* Pokemon.swift */ = {isa = PBXFileReference; lastKnownFileType = sourcecode.swift; path = Pokemon.swift; sourceTree = "<group>"; };
		5536C2702C1E16A000576217 /* PokemonsModel.swift */ = {isa = PBXFileReference; lastKnownFileType = sourcecode.swift; path = PokemonsModel.swift; sourceTree = "<group>"; };
		5536C2722C1E277E00576217 /* PokeTypeDTO.swift */ = {isa = PBXFileReference; lastKnownFileType = sourcecode.swift; path = PokeTypeDTO.swift; sourceTree = "<group>"; };
		5536C2742C1E27B700576217 /* PokeType.swift */ = {isa = PBXFileReference; lastKnownFileType = sourcecode.swift; path = PokeType.swift; sourceTree = "<group>"; };
		5536C2772C1E27E600576217 /* TypeModel.swift */ = {isa = PBXFileReference; lastKnownFileType = sourcecode.swift; path = TypeModel.swift; sourceTree = "<group>"; };
		5536C2792C1E293900576217 /* TypesViewController.swift */ = {isa = PBXFileReference; lastKnownFileType = sourcecode.swift; path = TypesViewController.swift; sourceTree = "<group>"; };
/* End PBXFileReference section */

/* Begin PBXFrameworksBuildPhase section */
		5536C23C2C1E123800576217 /* Frameworks */ = {
			isa = PBXFrameworksBuildPhase;
			buildActionMask = 2147483647;
			files = (
			);
			runOnlyForDeploymentPostprocessing = 0;
		};
/* End PBXFrameworksBuildPhase section */

/* Begin PBXGroup section */
		5536C2362C1E123800576217 = {
			isa = PBXGroup;
			children = (
				5536C2412C1E123800576217 /* PokedexAPI */,
				5536C2402C1E123800576217 /* Products */,
			);
			sourceTree = "<group>";
		};
		5536C2402C1E123800576217 /* Products */ = {
			isa = PBXGroup;
			children = (
				5536C23F2C1E123800576217 /* PokedexAPI.app */,
			);
			name = Products;
			sourceTree = "<group>";
		};
		5536C2412C1E123800576217 /* PokedexAPI */ = {
			isa = PBXGroup;
			children = (
				5536C2762C1E27D200576217 /* Type */,
				5536C26F2C1E168300576217 /* Pokemon */,
				5536C26C2C1E160F00576217 /* DataModel */,
				5536C2662C1E157300576217 /* Utils */,
				5536C25C2C1E13C900576217 /* Settings */,
				5536C2562C1E131E00576217 /* Networking */,
				5536C2422C1E123800576217 /* AppDelegate.swift */,
				5536C2442C1E123800576217 /* SceneDelegate.swift */,
				5536C2792C1E293900576217 /* TypesViewController.swift */,
				5536C2462C1E123800576217 /* ViewController.swift */,
				5536C2482C1E123800576217 /* Main.storyboard */,
				5536C24B2C1E123900576217 /* Assets.xcassets */,
				5536C24D2C1E123900576217 /* LaunchScreen.storyboard */,
				5536C2502C1E123900576217 /* Info.plist */,
			);
			path = PokedexAPI;
			sourceTree = "<group>";
		};
		5536C2562C1E131E00576217 /* Networking */ = {
			isa = PBXGroup;
			children = (
				5536C2692C1E15C700576217 /* DTO */,
				5536C25F2C1E149800576217 /* RequestHandler */,
				5536C2572C1E132E00576217 /* Endpoint */,
			);
			path = Networking;
			sourceTree = "<group>";
		};
		5536C2572C1E132E00576217 /* Endpoint */ = {
			isa = PBXGroup;
			children = (
				5536C2582C1E134E00576217 /* EndpointProtocol.swift */,
				5536C25A2C1E136D00576217 /* UserBaseEndpoint.swift */,
			);
			path = Endpoint;
			sourceTree = "<group>";
		};
		5536C25C2C1E13C900576217 /* Settings */ = {
			isa = PBXGroup;
			children = (
				5536C25D2C1E13EE00576217 /* Settings.swift */,
			);
			path = Settings;
			sourceTree = "<group>";
		};
		5536C25F2C1E149800576217 /* RequestHandler */ = {
			isa = PBXGroup;
			children = (
				5536C2602C1E14AB00576217 /* RequestHandlerProtocol.swift */,
				5536C2622C1E14CB00576217 /* RequestHandlerError.swift */,
				5536C2642C1E14E500576217 /* RequestHandler.swift */,
			);
			path = RequestHandler;
			sourceTree = "<group>";
		};
		5536C2662C1E157300576217 /* Utils */ = {
			isa = PBXGroup;
			children = (
				5536C2672C1E158300576217 /* Extensions.swift */,
			);
			path = Utils;
			sourceTree = "<group>";
		};
		5536C2692C1E15C700576217 /* DTO */ = {
			isa = PBXGroup;
			children = (
				5536C26A2C1E15D700576217 /* PokemonDTO.swift */,
				5536C2722C1E277E00576217 /* PokeTypeDTO.swift */,
			);
			path = DTO;
			sourceTree = "<group>";
		};
		5536C26C2C1E160F00576217 /* DataModel */ = {
			isa = PBXGroup;
			children = (
				5536C26D2C1E162900576217 /* Pokemon.swift */,
				5536C2742C1E27B700576217 /* PokeType.swift */,
			);
			path = DataModel;
			sourceTree = "<group>";
		};
		5536C26F2C1E168300576217 /* Pokemon */ = {
			isa = PBXGroup;
			children = (
				5536C2702C1E16A000576217 /* PokemonsModel.swift */,
			);
			path = Pokemon;
			sourceTree = "<group>";
		};
		5536C2762C1E27D200576217 /* Type */ = {
			isa = PBXGroup;
			children = (
				5536C2772C1E27E600576217 /* TypeModel.swift */,
			);
			path = Type;
			sourceTree = "<group>";
		};
/* End PBXGroup section */

/* Begin PBXNativeTarget section */
		5536C23E2C1E123800576217 /* PokedexAPI */ = {
			isa = PBXNativeTarget;
			buildConfigurationList = 5536C2532C1E123900576217 /* Build configuration list for PBXNativeTarget "PokedexAPI" */;
			buildPhases = (
				5536C23B2C1E123800576217 /* Sources */,
				5536C23C2C1E123800576217 /* Frameworks */,
				5536C23D2C1E123800576217 /* Resources */,
			);
			buildRules = (
			);
			dependencies = (
			);
			name = PokedexAPI;
			productName = PokedexAPI;
			productReference = 5536C23F2C1E123800576217 /* PokedexAPI.app */;
			productType = "com.apple.product-type.application";
		};
/* End PBXNativeTarget section */

/* Begin PBXProject section */
		5536C2372C1E123800576217 /* Project object */ = {
			isa = PBXProject;
			attributes = {
				BuildIndependentTargetsInParallel = 1;
				LastSwiftUpdateCheck = 1500;
				LastUpgradeCheck = 1500;
				TargetAttributes = {
					5536C23E2C1E123800576217 = {
						CreatedOnToolsVersion = 15.0;
					};
				};
			};
			buildConfigurationList = 5536C23A2C1E123800576217 /* Build configuration list for PBXProject "PokedexAPI" */;
			compatibilityVersion = "Xcode 14.0";
			developmentRegion = en;
			hasScannedForEncodings = 0;
			knownRegions = (
				en,
				Base,
			);
			mainGroup = 5536C2362C1E123800576217;
			productRefGroup = 5536C2402C1E123800576217 /* Products */;
			projectDirPath = "";
			projectRoot = "";
			targets = (
				5536C23E2C1E123800576217 /* PokedexAPI */,
			);
		};
/* End PBXProject section */

/* Begin PBXResourcesBuildPhase section */
		5536C23D2C1E123800576217 /* Resources */ = {
			isa = PBXResourcesBuildPhase;
			buildActionMask = 2147483647;
			files = (
				5536C24F2C1E123900576217 /* LaunchScreen.storyboard in Resources */,
				5536C24C2C1E123900576217 /* Assets.xcassets in Resources */,
				5536C24A2C1E123800576217 /* Main.storyboard in Resources */,
			);
			runOnlyForDeploymentPostprocessing = 0;
		};
/* End PBXResourcesBuildPhase section */

/* Begin PBXSourcesBuildPhase section */
		5536C23B2C1E123800576217 /* Sources */ = {
			isa = PBXSourcesBuildPhase;
			buildActionMask = 2147483647;
			files = (
				5536C25E2C1E13EE00576217 /* Settings.swift in Sources */,
				5536C2732C1E277E00576217 /* PokeTypeDTO.swift in Sources */,
				5536C2612C1E14AB00576217 /* RequestHandlerProtocol.swift in Sources */,
				5536C2592C1E134E00576217 /* EndpointProtocol.swift in Sources */,
				5536C2472C1E123800576217 /* ViewController.swift in Sources */,
				5536C27A2C1E293900576217 /* TypesViewController.swift in Sources */,
				5536C2752C1E27B700576217 /* PokeType.swift in Sources */,
				5536C26B2C1E15D700576217 /* PokemonDTO.swift in Sources */,
				5536C2712C1E16A000576217 /* PokemonsModel.swift in Sources */,
				5536C26E2C1E162900576217 /* Pokemon.swift in Sources */,
				5536C25B2C1E136D00576217 /* UserBaseEndpoint.swift in Sources */,
				5536C2682C1E158300576217 /* Extensions.swift in Sources */,
				5536C2652C1E14E500576217 /* RequestHandler.swift in Sources */,
				5536C2632C1E14CB00576217 /* RequestHandlerError.swift in Sources */,
				5536C2782C1E27E600576217 /* TypeModel.swift in Sources */,
				5536C2432C1E123800576217 /* AppDelegate.swift in Sources */,
				5536C2452C1E123800576217 /* SceneDelegate.swift in Sources */,
			);
			runOnlyForDeploymentPostprocessing = 0;
		};
/* End PBXSourcesBuildPhase section */

/* Begin PBXVariantGroup section */
		5536C2482C1E123800576217 /* Main.storyboard */ = {
			isa = PBXVariantGroup;
			children = (
				5536C2492C1E123800576217 /* Base */,
			);
			name = Main.storyboard;
			sourceTree = "<group>";
		};
		5536C24D2C1E123900576217 /* LaunchScreen.storyboard */ = {
			isa = PBXVariantGroup;
			children = (
				5536C24E2C1E123900576217 /* Base */,
			);
			name = LaunchScreen.storyboard;
			sourceTree = "<group>";
		};
/* End PBXVariantGroup section */

/* Begin XCBuildConfiguration section */
		5536C2512C1E123900576217 /* Debug */ = {
			isa = XCBuildConfiguration;
			buildSettings = {
				ALWAYS_SEARCH_USER_PATHS = NO;
				ASSETCATALOG_COMPILER_GENERATE_SWIFT_ASSET_SYMBOL_EXTENSIONS = YES;
				CLANG_ANALYZER_NONNULL = YES;
				CLANG_ANALYZER_NUMBER_OBJECT_CONVERSION = YES_AGGRESSIVE;
				CLANG_CXX_LANGUAGE_STANDARD = "gnu++20";
				CLANG_ENABLE_MODULES = YES;
				CLANG_ENABLE_OBJC_ARC = YES;
				CLANG_ENABLE_OBJC_WEAK = YES;
				CLANG_WARN_BLOCK_CAPTURE_AUTORELEASING = YES;
				CLANG_WARN_BOOL_CONVERSION = YES;
				CLANG_WARN_COMMA = YES;
				CLANG_WARN_CONSTANT_CONVERSION = YES;
				CLANG_WARN_DEPRECATED_OBJC_IMPLEMENTATIONS = YES;
				CLANG_WARN_DIRECT_OBJC_ISA_USAGE = YES_ERROR;
				CLANG_WARN_DOCUMENTATION_COMMENTS = YES;
				CLANG_WARN_EMPTY_BODY = YES;
				CLANG_WARN_ENUM_CONVERSION = YES;
				CLANG_WARN_INFINITE_RECURSION = YES;
				CLANG_WARN_INT_CONVERSION = YES;
				CLANG_WARN_NON_LITERAL_NULL_CONVERSION = YES;
				CLANG_WARN_OBJC_IMPLICIT_RETAIN_SELF = YES;
				CLANG_WARN_OBJC_LITERAL_CONVERSION = YES;
				CLANG_WARN_OBJC_ROOT_CLASS = YES_ERROR;
				CLANG_WARN_QUOTED_INCLUDE_IN_FRAMEWORK_HEADER = YES;
				CLANG_WARN_RANGE_LOOP_ANALYSIS = YES;
				CLANG_WARN_STRICT_PROTOTYPES = YES;
				CLANG_WARN_SUSPICIOUS_MOVE = YES;
				CLANG_WARN_UNGUARDED_AVAILABILITY = YES_AGGRESSIVE;
				CLANG_WARN_UNREACHABLE_CODE = YES;
				CLANG_WARN__DUPLICATE_METHOD_MATCH = YES;
				COPY_PHASE_STRIP = NO;
				DEBUG_INFORMATION_FORMAT = dwarf;
				ENABLE_STRICT_OBJC_MSGSEND = YES;
				ENABLE_TESTABILITY = YES;
				ENABLE_USER_SCRIPT_SANDBOXING = YES;
				GCC_C_LANGUAGE_STANDARD = gnu17;
				GCC_DYNAMIC_NO_PIC = NO;
				GCC_NO_COMMON_BLOCKS = YES;
				GCC_OPTIMIZATION_LEVEL = 0;
				GCC_PREPROCESSOR_DEFINITIONS = (
					"DEBUG=1",
					"$(inherited)",
				);
				GCC_WARN_64_TO_32_BIT_CONVERSION = YES;
				GCC_WARN_ABOUT_RETURN_TYPE = YES_ERROR;
				GCC_WARN_UNDECLARED_SELECTOR = YES;
				GCC_WARN_UNINITIALIZED_AUTOS = YES_AGGRESSIVE;
				GCC_WARN_UNUSED_FUNCTION = YES;
				GCC_WARN_UNUSED_VARIABLE = YES;
				IPHONEOS_DEPLOYMENT_TARGET = 17.0;
				LOCALIZATION_PREFERS_STRING_CATALOGS = YES;
				MTL_ENABLE_DEBUG_INFO = INCLUDE_SOURCE;
				MTL_FAST_MATH = YES;
				ONLY_ACTIVE_ARCH = YES;
				SDKROOT = iphoneos;
				SWIFT_ACTIVE_COMPILATION_CONDITIONS = "DEBUG $(inherited)";
				SWIFT_OPTIMIZATION_LEVEL = "-Onone";
			};
			name = Debug;
		};
		5536C2522C1E123900576217 /* Release */ = {
			isa = XCBuildConfiguration;
			buildSettings = {
				ALWAYS_SEARCH_USER_PATHS = NO;
				ASSETCATALOG_COMPILER_GENERATE_SWIFT_ASSET_SYMBOL_EXTENSIONS = YES;
				CLANG_ANALYZER_NONNULL = YES;
				CLANG_ANALYZER_NUMBER_OBJECT_CONVERSION = YES_AGGRESSIVE;
				CLANG_CXX_LANGUAGE_STANDARD = "gnu++20";
				CLANG_ENABLE_MODULES = YES;
				CLANG_ENABLE_OBJC_ARC = YES;
				CLANG_ENABLE_OBJC_WEAK = YES;
				CLANG_WARN_BLOCK_CAPTURE_AUTORELEASING = YES;
				CLANG_WARN_BOOL_CONVERSION = YES;
				CLANG_WARN_COMMA = YES;
				CLANG_WARN_CONSTANT_CONVERSION = YES;
				CLANG_WARN_DEPRECATED_OBJC_IMPLEMENTATIONS = YES;
				CLANG_WARN_DIRECT_OBJC_ISA_USAGE = YES_ERROR;
				CLANG_WARN_DOCUMENTATION_COMMENTS = YES;
				CLANG_WARN_EMPTY_BODY = YES;
				CLANG_WARN_ENUM_CONVERSION = YES;
				CLANG_WARN_INFINITE_RECURSION = YES;
				CLANG_WARN_INT_CONVERSION = YES;
				CLANG_WARN_NON_LITERAL_NULL_CONVERSION = YES;
				CLANG_WARN_OBJC_IMPLICIT_RETAIN_SELF = YES;
				CLANG_WARN_OBJC_LITERAL_CONVERSION = YES;
				CLANG_WARN_OBJC_ROOT_CLASS = YES_ERROR;
				CLANG_WARN_QUOTED_INCLUDE_IN_FRAMEWORK_HEADER = YES;
				CLANG_WARN_RANGE_LOOP_ANALYSIS = YES;
				CLANG_WARN_STRICT_PROTOTYPES = YES;
				CLANG_WARN_SUSPICIOUS_MOVE = YES;
				CLANG_WARN_UNGUARDED_AVAILABILITY = YES_AGGRESSIVE;
				CLANG_WARN_UNREACHABLE_CODE = YES;
				CLANG_WARN__DUPLICATE_METHOD_MATCH = YES;
				COPY_PHASE_STRIP = NO;
				DEBUG_INFORMATION_FORMAT = "dwarf-with-dsym";
				ENABLE_NS_ASSERTIONS = NO;
				ENABLE_STRICT_OBJC_MSGSEND = YES;
				ENABLE_USER_SCRIPT_SANDBOXING = YES;
				GCC_C_LANGUAGE_STANDARD = gnu17;
				GCC_NO_COMMON_BLOCKS = YES;
				GCC_WARN_64_TO_32_BIT_CONVERSION = YES;
				GCC_WARN_ABOUT_RETURN_TYPE = YES_ERROR;
				GCC_WARN_UNDECLARED_SELECTOR = YES;
				GCC_WARN_UNINITIALIZED_AUTOS = YES_AGGRESSIVE;
				GCC_WARN_UNUSED_FUNCTION = YES;
				GCC_WARN_UNUSED_VARIABLE = YES;
				IPHONEOS_DEPLOYMENT_TARGET = 17.0;
				LOCALIZATION_PREFERS_STRING_CATALOGS = YES;
				MTL_ENABLE_DEBUG_INFO = NO;
				MTL_FAST_MATH = YES;
				SDKROOT = iphoneos;
				SWIFT_COMPILATION_MODE = wholemodule;
				VALIDATE_PRODUCT = YES;
			};
			name = Release;
		};
		5536C2542C1E123900576217 /* Debug */ = {
			isa = XCBuildConfiguration;
			buildSettings = {
				ASSETCATALOG_COMPILER_APPICON_NAME = AppIcon;
				ASSETCATALOG_COMPILER_GLOBAL_ACCENT_COLOR_NAME = AccentColor;
				CODE_SIGN_STYLE = Automatic;
				CURRENT_PROJECT_VERSION = 1;
				GENERATE_INFOPLIST_FILE = YES;
				INFOPLIST_FILE = PokedexAPI/Info.plist;
				INFOPLIST_KEY_UIApplicationSupportsIndirectInputEvents = YES;
				INFOPLIST_KEY_UILaunchStoryboardName = LaunchScreen;
				INFOPLIST_KEY_UIMainStoryboardFile = Main;
				INFOPLIST_KEY_UISupportedInterfaceOrientations_iPad = "UIInterfaceOrientationPortrait UIInterfaceOrientationPortraitUpsideDown UIInterfaceOrientationLandscapeLeft UIInterfaceOrientationLandscapeRight";
				INFOPLIST_KEY_UISupportedInterfaceOrientations_iPhone = "UIInterfaceOrientationPortrait UIInterfaceOrientationLandscapeLeft UIInterfaceOrientationLandscapeRight";
				LD_RUNPATH_SEARCH_PATHS = (
					"$(inherited)",
					"@executable_path/Frameworks",
				);
				MARKETING_VERSION = 1.0;
				PRODUCT_BUNDLE_IDENTIFIER = iOSLabFIAngelLopez.PokedexAPI;
				PRODUCT_NAME = "$(TARGET_NAME)";
				SWIFT_EMIT_LOC_STRINGS = YES;
				SWIFT_VERSION = 5.0;
				TARGETED_DEVICE_FAMILY = "1,2";
			};
			name = Debug;
		};
		5536C2552C1E123900576217 /* Release */ = {
			isa = XCBuildConfiguration;
			buildSettings = {
				ASSETCATALOG_COMPILER_APPICON_NAME = AppIcon;
				ASSETCATALOG_COMPILER_GLOBAL_ACCENT_COLOR_NAME = AccentColor;
				CODE_SIGN_STYLE = Automatic;
				CURRENT_PROJECT_VERSION = 1;
				GENERATE_INFOPLIST_FILE = YES;
				INFOPLIST_FILE = PokedexAPI/Info.plist;
				INFOPLIST_KEY_UIApplicationSupportsIndirectInputEvents = YES;
				INFOPLIST_KEY_UILaunchStoryboardName = LaunchScreen;
				INFOPLIST_KEY_UIMainStoryboardFile = Main;
				INFOPLIST_KEY_UISupportedInterfaceOrientations_iPad = "UIInterfaceOrientationPortrait UIInterfaceOrientationPortraitUpsideDown UIInterfaceOrientationLandscapeLeft UIInterfaceOrientationLandscapeRight";
				INFOPLIST_KEY_UISupportedInterfaceOrientations_iPhone = "UIInterfaceOrientationPortrait UIInterfaceOrientationLandscapeLeft UIInterfaceOrientationLandscapeRight";
				LD_RUNPATH_SEARCH_PATHS = (
					"$(inherited)",
					"@executable_path/Frameworks",
				);
				MARKETING_VERSION = 1.0;
				PRODUCT_BUNDLE_IDENTIFIER = iOSLabFIAngelLopez.PokedexAPI;
				PRODUCT_NAME = "$(TARGET_NAME)";
				SWIFT_EMIT_LOC_STRINGS = YES;
				SWIFT_VERSION = 5.0;
				TARGETED_DEVICE_FAMILY = "1,2";
			};
			name = Release;
		};
/* End XCBuildConfiguration section */

/* Begin XCConfigurationList section */
		5536C23A2C1E123800576217 /* Build configuration list for PBXProject "PokedexAPI" */ = {
			isa = XCConfigurationList;
			buildConfigurations = (
				5536C2512C1E123900576217 /* Debug */,
				5536C2522C1E123900576217 /* Release */,
			);
			defaultConfigurationIsVisible = 0;
			defaultConfigurationName = Release;
		};
		5536C2532C1E123900576217 /* Build configuration list for PBXNativeTarget "PokedexAPI" */ = {
			isa = XCConfigurationList;
			buildConfigurations = (
				5536C2542C1E123900576217 /* Debug */,
				5536C2552C1E123900576217 /* Release */,
			);
			defaultConfigurationIsVisible = 0;
			defaultConfigurationName = Release;
		};
/* End XCConfigurationList section */
	};
	rootObject = 5536C2372C1E123800576217 /* Project object */;
}
